
Microsoft Visual Studio Solution File, Format Version 12.00
# Visual Studio Version 16
VisualStudioVersion = 16.0.28803.156
MinimumVisualStudioVersion = 10.0.40219.1
Project("{FAE04EC0-301F-11D3-BF4B-00C04F79EFBC}") = "BrowserFormNavi", "BrowserFormNavi.csproj", "{E25F1E75-5A02-48BB-94FE-BD1BF4826E60}"
EndProject
Global
	GlobalSection(SolutionConfigurationPlatforms) = preSolution
		Debug|Any CPU = Debug|Any CPU
		Release|Any CPU = Release|Any CPU
	EndGlobalSection
	GlobalSection(ProjectConfigurationPlatforms) = postSolution
		{E25F1E75-5A02-48BB-94FE-BD1BF4826E60}.Debug|Any CPU.ActiveCfg = Debug|Any CPU
		{E25F1E75-5A02-48BB-94FE-BD1BF4826E60}.Debug|Any CPU.Build.0 = Debug|Any CPU
		{E25F1E75-5A02-48BB-94FE-BD1BF4826E60}.Release|Any CPU.ActiveCfg = Release|Any CPU
		{E25F1E75-5A02-48BB-94FE-BD1BF4826E60}.Release|Any CPU.Build.0 = Release|Any CPU
	EndGlobalSection
	GlobalSection(SolutionProperties) = preSolution
		HideSolutionNode = FALSE
	EndGlobalSection
	GlobalSection(ExtensibilityGlobals) = postSolution
		SolutionGuid = {3940F90E-05E7-42D4-9789-8DFBB904D425}
	EndGlobalSection
EndGlobal
